
Microsoft Visual Studio Solution File, Format Version 12.00
# Visual Studio 15
VisualStudioVersion = 15.0.28307.168
MinimumVisualStudioVersion = 10.0.40219.1
Project("{FAE04EC0-301F-11D3-BF4B-00C04F79EFBC}") = "OfflineFaceDetection", "OfflineFaceDetection\OfflineFaceDetection.csproj", "{422D8F88-2151-4B4E-A5DF-CF6BEEF5F693}"
EndProject
Project("{FAE04EC0-301F-11D3-BF4B-00C04F79EFBC}") = "OnlineFaceDetection", "OnlineFaceDetection\OnlineFaceDetection.csproj", "{28069382-883D-488C-8A96-A2A111BF780F}"
EndProject
Global
	GlobalSection(SolutionConfigurationPlatforms) = preSolution
		Debug|Any CPU = Debug|Any CPU
		Release|Any CPU = Release|Any CPU
	EndGlobalSection
	GlobalSection(ProjectConfigurationPlatforms) = postSolution
		{422D8F88-2151-4B4E-A5DF-CF6BEEF5F693}.Debug|Any CPU.ActiveCfg = Debug|Any CPU
		{422D8F88-2151-4B4E-A5DF-CF6BEEF5F693}.Debug|Any CPU.Build.0 = Debug|Any CPU
		{422D8F88-2151-4B4E-A5DF-CF6BEEF5F693}.Release|Any CPU.ActiveCfg = Release|Any CPU
		{422D8F88-2151-4B4E-A5DF-CF6BEEF5F693}.Release|Any CPU.Build.0 = Release|Any CPU
		{28069382-883D-488C-8A96-A2A111BF780F}.Debug|Any CPU.ActiveCfg = Debug|Any CPU
		{28069382-883D-488C-8A96-A2A111BF780F}.Debug|Any CPU.Build.0 = Debug|Any CPU
		{28069382-883D-488C-8A96-A2A111BF780F}.Release|Any CPU.ActiveCfg = Release|Any CPU
		{28069382-883D-488C-8A96-A2A111BF780F}.Release|Any CPU.Build.0 = Release|Any CPU
	EndGlobalSection
	GlobalSection(SolutionProperties) = preSolution
		HideSolutionNode = FALSE
	EndGlobalSection
	GlobalSection(ExtensibilityGlobals) = postSolution
		SolutionGuid = {36F5E5FF-8312-4A7B-9FEC-D9372CCF0E05}
	EndGlobalSection
EndGlobal
